// !$*UTF8*$!
{
	archiveVersion = 1;
	classes = {
	};
	objectVersion = 60;
	objects = {

/* Begin PBXBuildFile section */
		AA0000010000000000000001 /* BlueChatApp.swift in Sources */ = {isa = PBXBuildFile; fileRef = AA0000020000000000000001 /* BlueChatApp.swift */; };
		AA0000010000000000000002 /* ContentView.swift in Sources */ = {isa = PBXBuildFile; fileRef = AA0000020000000000000002 /* ContentView.swift */; };
		AA0000010000000000000011 /* BlueChatClipApp.swift in Sources */ = {isa = PBXBuildFile; fileRef = AA0000020000000000000011 /* BlueChatClipApp.swift */; };
		AA0000010000000000000012 /* ClipRootView.swift in Sources */ = {isa = PBXBuildFile; fileRef = AA0000020000000000000012 /* ClipRootView.swift */; };
		AA0000010000000000000015 /* StoreKitManager.swift in Sources */ = {isa = PBXBuildFile; fileRef = AA0000020000000000000015 /* StoreKitManager.swift */; };
		AA0000010000000000000016 /* GeneratedAPIConfiguration.swift in Sources */ = {isa = PBXBuildFile; fileRef = AA0000020000000000000018 /* GeneratedAPIConfiguration.swift */; };
		AA00000100000000000000C1 /* BlueChatClip.app in Embed App Clips */ = {isa = PBXBuildFile; fileRef = AA00000200000000000000A2 /* BlueChatClip.app */; settings = {ATTRIBUTES = (CodeSignOnCopy, RemoveHeadersOnCopy, ); }; };
		AA00000100000000000000D1 /* Assets.xcassets in Resources */ = {isa = PBXBuildFile; fileRef = AA00000200000000000000D1 /* Assets.xcassets */; };
		AA00000100000000000000D2 /* Assets.xcassets in Resources */ = {isa = PBXBuildFile; fileRef = AA00000200000000000000D2 /* Assets.xcassets */; };
		AA00000100000000000000E1 /* BlueChatAgentClient in Frameworks */ = {isa = PBXBuildFile; productRef = AA00001000000000000000E2 /* BlueChatAgentClient */; };
		AA00000100000000000000E2 /* AnyCodable in Frameworks */ = {isa = PBXBuildFile; productRef = AA00001000000000000000E3 /* AnyCodable */; };
/* End PBXBuildFile section */

/* Begin PBXContainerItemProxy section */
		AA00000C00000000000000C2 /* PBXContainerItemProxy */ = {
			isa = PBXContainerItemProxy;
			containerPortal = AA0000070000000000000001 /* Project object */;
			proxyType = 1;
			remoteGlobalIDString = AA0000050000000000000011;
			remoteInfo = BlueChatClip;
		};
/* End PBXContainerItemProxy section */

/* Begin PBXCopyFilesBuildPhase section */
		AA00000D00000000000000C3 /* Embed App Clips */ = {
			isa = PBXCopyFilesBuildPhase;
			buildActionMask = 2147483647;
			dstPath = "$(CONTENTS_FOLDER_PATH)/AppClips";
			dstSubfolderSpec = 16;
			files = (
				AA00000100000000000000C1 /* BlueChatClip.app in Embed App Clips */,
			);
			name = "Embed App Clips";
			runOnlyForDeploymentPostprocessing = 0;
		};
/* End PBXCopyFilesBuildPhase section */

/* Begin PBXFileReference section */
		AA0000020000000000000001 /* BlueChatApp.swift */ = {isa = PBXFileReference; lastKnownFileType = sourcecode.swift; path = BlueChatApp.swift; sourceTree = "<group>"; };
		AA0000020000000000000002 /* ContentView.swift */ = {isa = PBXFileReference; lastKnownFileType = sourcecode.swift; path = ContentView.swift; sourceTree = "<group>"; };
		AA0000020000000000000003 /* Info.plist */ = {isa = PBXFileReference; lastKnownFileType = text.plist.xml; path = Info.plist; sourceTree = "<group>"; };
		AA0000020000000000000004 /* BlueChat.entitlements */ = {isa = PBXFileReference; lastKnownFileType = text.plist.entitlements; path = BlueChat.entitlements; sourceTree = "<group>"; };
		AA0000020000000000000011 /* BlueChatClipApp.swift */ = {isa = PBXFileReference; lastKnownFileType = sourcecode.swift; path = BlueChatClipApp.swift; sourceTree = "<group>"; };
		AA0000020000000000000012 /* ClipRootView.swift */ = {isa = PBXFileReference; lastKnownFileType = sourcecode.swift; path = ClipRootView.swift; sourceTree = "<group>"; };
		AA0000020000000000000015 /* StoreKitManager.swift */ = {isa = PBXFileReference; lastKnownFileType = sourcecode.swift; path = StoreKitManager.swift; sourceTree = "<group>"; };
		AA0000020000000000000016 /* Info.plist */ = {isa = PBXFileReference; lastKnownFileType = text.plist.xml; path = Info.plist; sourceTree = "<group>"; };
		AA0000020000000000000017 /* BlueChatClip.entitlements */ = {isa = PBXFileReference; lastKnownFileType = text.plist.entitlements; path = BlueChatClip.entitlements; sourceTree = "<group>"; };
		AA0000020000000000000018 /* GeneratedAPIConfiguration.swift */ = {isa = PBXFileReference; lastKnownFileType = sourcecode.swift; path = GeneratedAPIConfiguration.swift; sourceTree = "<group>"; };
		AA00000200000000000000A1 /* BlueChat.app */ = {isa = PBXFileReference; explicitFileType = wrapper.application; includeInIndex = 0; path = BlueChat.app; sourceTree = BUILT_PRODUCTS_DIR; };
		AA00000200000000000000A2 /* BlueChatClip.app */ = {isa = PBXFileReference; explicitFileType = wrapper.application; includeInIndex = 0; path = BlueChatClip.app; sourceTree = BUILT_PRODUCTS_DIR; };
		AA00000200000000000000D1 /* Assets.xcassets */ = {isa = PBXFileReference; lastKnownFileType = folder.assetcatalog; path = Assets.xcassets; sourceTree = "<group>"; };
		AA00000200000000000000D2 /* Assets.xcassets */ = {isa = PBXFileReference; lastKnownFileType = folder.assetcatalog; path = Assets.xcassets; sourceTree = "<group>"; };
/* End PBXFileReference section */

/* Begin PBXFrameworksBuildPhase section */
		AA0000030000000000000001 /* Frameworks */ = {isa = PBXFrameworksBuildPhase; buildActionMask = 2147483647; files = (); runOnlyForDeploymentPostprocessing = 0; };
		AA0000030000000000000011 /* Frameworks */ = {
			isa = PBXFrameworksBuildPhase;
			buildActionMask = 2147483647;
			files = (
				AA00000100000000000000E1 /* BlueChatAgentClient in Frameworks */,
				AA00000100000000000000E2 /* AnyCodable in Frameworks */,
			);
			runOnlyForDeploymentPostprocessing = 0;
		};
/* End PBXFrameworksBuildPhase section */

/* Begin PBXGroup section */
		AA0000040000000000000001 = {
			isa = PBXGroup;
			children = (
				AA0000040000000000000002 /* BlueChat */,
				AA0000040000000000000011 /* BlueChatClip */,
				AA00000400000000000000A1 /* Products */,
			);
			sourceTree = "<group>";
		};
		AA0000040000000000000002 /* BlueChat */ = {
			isa = PBXGroup;
			children = (
				AA0000020000000000000001 /* BlueChatApp.swift */,
				AA0000020000000000000002 /* ContentView.swift */,
				AA00000200000000000000D1 /* Assets.xcassets */,
				AA0000020000000000000003 /* Info.plist */,
				AA0000020000000000000004 /* BlueChat.entitlements */,
			);
			path = BlueChat;
			sourceTree = "<group>";
		};
		AA0000040000000000000011 /* BlueChatClip */ = {
			isa = PBXGroup;
			children = (
				AA0000020000000000000011 /* BlueChatClipApp.swift */,
				AA0000020000000000000012 /* ClipRootView.swift */,
				AA0000020000000000000018 /* GeneratedAPIConfiguration.swift */,
				AA0000020000000000000015 /* StoreKitManager.swift */,
				AA00000200000000000000D2 /* Assets.xcassets */,
				AA0000020000000000000016 /* Info.plist */,
				AA0000020000000000000017 /* BlueChatClip.entitlements */,
			);
			path = BlueChatClip;
			sourceTree = "<group>";
		};
		AA00000400000000000000A1 /* Products */ = {
			isa = PBXGroup;
			children = (
				AA00000200000000000000A1 /* BlueChat.app */,
				AA00000200000000000000A2 /* BlueChatClip.app */,
			);
			name = Products;
			sourceTree = "<group>";
		};
/* End PBXGroup section */

/* Begin PBXNativeTarget section */
		AA0000050000000000000001 /* BlueChat */ = {
			isa = PBXNativeTarget;
			buildConfigurationList = AA0000080000000000000001 /* Build configuration list for PBXNativeTarget "BlueChat" */;
			buildPhases = (
				AA0000060000000000000001 /* Sources */,
				AA00000F00000000000000D1 /* Resources */,
				AA0000030000000000000001 /* Frameworks */,
				AA00000D00000000000000C3 /* Embed App Clips */,
			);
			buildRules = (
			);
			dependencies = (
				AA00000E00000000000000C4 /* PBXTargetDependency */,
			);
			name = BlueChat;
			productName = BlueChat;
			productReference = AA00000200000000000000A1 /* BlueChat.app */;
			productType = "com.apple.product-type.application";
		};
		AA0000050000000000000011 /* BlueChatClip */ = {
			isa = PBXNativeTarget;
			buildConfigurationList = AA0000080000000000000011 /* Build configuration list for PBXNativeTarget "BlueChatClip" */;
			buildPhases = (
				AA0000060000000000000011 /* Sources */,
				AA00000F00000000000000D2 /* Resources */,
				AA0000030000000000000011 /* Frameworks */,
			);
			buildRules = (
			);
			dependencies = (
			);
			name = BlueChatClip;
			packageProductDependencies = (
				AA00001000000000000000E2 /* BlueChatAgentClient */,
				AA00001000000000000000E3 /* AnyCodable */,
			);
			productName = BlueChatClip;
			productReference = AA00000200000000000000A2 /* BlueChatClip.app */;
			productType = "com.apple.product-type.application.on-demand-install-capable";
		};
/* End PBXNativeTarget section */

/* Begin PBXProject section */
		AA0000070000000000000001 /* Project object */ = {
			isa = PBXProject;
			attributes = {
				BuildIndependentTargetsInParallel = 1;
				LastSwiftUpdateCheck = 1600;
				LastUpgradeCheck = 1600;
				TargetAttributes = {
					AA0000050000000000000001 = {
						CreatedOnToolsVersion = 16.0;
					};
					AA0000050000000000000011 = {
						CreatedOnToolsVersion = 16.0;
					};
				};
			};
			buildConfigurationList = AA00000800000000000000F1 /* Build configuration list for PBXProject "BlueChat" */;
			compatibilityVersion = "Xcode 15.0";
			developmentRegion = en;
			hasScannedForEncodings = 0;
			knownRegions = (
				en,
				Base,
			);
			mainGroup = AA0000040000000000000001;
			packageReferences = (
				AA00001000000000000000E1 /* XCLocalSwiftPackageReference "Generated/BlueChatAgentClient" */,
			);
			productRefGroup = AA00000400000000000000A1 /* Products */;
			projectDirPath = "";
			projectRoot = "";
			targets = (
				AA0000050000000000000001 /* BlueChat */,
				AA0000050000000000000011 /* BlueChatClip */,
			);
		};
/* End PBXProject section */

/* Begin PBXResourcesBuildPhase section */
		AA00000F00000000000000D1 /* Resources */ = {
			isa = PBXResourcesBuildPhase;
			buildActionMask = 2147483647;
			files = (
				AA00000100000000000000D1 /* Assets.xcassets in Resources */,
			);
			runOnlyForDeploymentPostprocessing = 0;
		};
		AA00000F00000000000000D2 /* Resources */ = {
			isa = PBXResourcesBuildPhase;
			buildActionMask = 2147483647;
			files = (
				AA00000100000000000000D2 /* Assets.xcassets in Resources */,
			);
			runOnlyForDeploymentPostprocessing = 0;
		};
/* End PBXResourcesBuildPhase section */

/* Begin PBXSourcesBuildPhase section */
		AA0000060000000000000001 /* Sources */ = {
			isa = PBXSourcesBuildPhase;
			buildActionMask = 2147483647;
			files = (
				AA0000010000000000000001 /* BlueChatApp.swift in Sources */,
				AA0000010000000000000002 /* ContentView.swift in Sources */,
			);
			runOnlyForDeploymentPostprocessing = 0;
		};
		AA0000060000000000000011 /* Sources */ = {
			isa = PBXSourcesBuildPhase;
			buildActionMask = 2147483647;
			files = (
				AA0000010000000000000011 /* BlueChatClipApp.swift in Sources */,
				AA0000010000000000000012 /* ClipRootView.swift in Sources */,
				AA0000010000000000000015 /* StoreKitManager.swift in Sources */,
				AA0000010000000000000016 /* GeneratedAPIConfiguration.swift in Sources */,
			);
			runOnlyForDeploymentPostprocessing = 0;
		};
/* End PBXSourcesBuildPhase section */

/* Begin PBXTargetDependency section */
		AA00000E00000000000000C4 /* PBXTargetDependency */ = {
			isa = PBXTargetDependency;
			target = AA0000050000000000000011 /* BlueChatClip */;
			targetProxy = AA00000C00000000000000C2 /* PBXContainerItemProxy */;
		};
/* End PBXTargetDependency section */

/* Begin XCLocalSwiftPackageReference section */
		AA00001000000000000000E1 /* XCLocalSwiftPackageReference "Generated/BlueChatAgentClient" */ = {
			isa = XCLocalSwiftPackageReference;
			relativePath = Generated/BlueChatAgentClient;
		};
/* End XCLocalSwiftPackageReference section */

/* Begin XCSwiftPackageProductDependency section */
		AA00001000000000000000E2 /* BlueChatAgentClient */ = {
			isa = XCSwiftPackageProductDependency;
			package = AA00001000000000000000E1 /* XCLocalSwiftPackageReference "Generated/BlueChatAgentClient" */;
			productName = BlueChatAgentClient;
		};
		AA00001000000000000000E3 /* AnyCodable */ = {
			isa = XCSwiftPackageProductDependency;
			package = AA00001000000000000000E1 /* XCLocalSwiftPackageReference "Generated/BlueChatAgentClient" */;
			productName = AnyCodable;
		};
/* End XCSwiftPackageProductDependency section */

/* Begin XCBuildConfiguration section */
		AA0000090000000000000001 /* Debug */ = {
			isa = XCBuildConfiguration;
			buildSettings = {
				ALWAYS_SEARCH_USER_PATHS = NO;
				CLANG_ENABLE_MODULES = YES;
				COPY_PHASE_STRIP = NO;
				DEBUG_INFORMATION_FORMAT = dwarf;
				ENABLE_STRICT_OBJC_MSGSEND = YES;
				ENABLE_TESTABILITY = YES;
				GCC_DYNAMIC_NO_PIC = NO;
				GCC_OPTIMIZATION_LEVEL = 0;
				GCC_PREPROCESSOR_DEFINITIONS = (
					"DEBUG=1",
					"$(inherited)",
				);
				IPHONEOS_DEPLOYMENT_TARGET = 17.0;
				MTL_ENABLE_DEBUG_INFO = INCLUDE_SOURCE;
				SDKROOT = iphoneos;
				SWIFT_ACTIVE_COMPILATION_CONDITIONS = DEBUG;
			};
			name = Debug;
		};
		AA0000090000000000000002 /* Release */ = {
			isa = XCBuildConfiguration;
			buildSettings = {
				ALWAYS_SEARCH_USER_PATHS = NO;
				CLANG_ENABLE_MODULES = YES;
				COPY_PHASE_STRIP = NO;
				DEBUG_INFORMATION_FORMAT = "dwarf-with-dsym";
				ENABLE_NS_ASSERTIONS = NO;
				ENABLE_STRICT_OBJC_MSGSEND = YES;
				GCC_OPTIMIZATION_LEVEL = s;
				IPHONEOS_DEPLOYMENT_TARGET = 17.0;
				MTL_ENABLE_DEBUG_INFO = NO;
				SDKROOT = iphoneos;
				SWIFT_COMPILATION_MODE = wholemodule;
				VALIDATE_PRODUCT = YES;
			};
			name = Release;
		};
		AA0000090000000000000011 /* Debug */ = {
			isa = XCBuildConfiguration;
			buildSettings = {
				ASSETCATALOG_COMPILER_APPICON_NAME = AppIcon;
				CODE_SIGN_ENTITLEMENTS = BlueChat/BlueChat.entitlements;
				CODE_SIGN_STYLE = Automatic;
				DEVELOPMENT_TEAM = U2Q8X6GTU9;
				GENERATE_INFOPLIST_FILE = NO;
				INFOPLIST_FILE = BlueChat/Info.plist;
				LD_RUNPATH_SEARCH_PATHS = (
					"$(inherited)",
					"@executable_path/Frameworks",
				);
				MARKETING_VERSION = 1.0;
				PRODUCT_BUNDLE_IDENTIFIER = land.bre.bluechat.ios;
				PRODUCT_NAME = BlueChat;
				SUPPORTED_PLATFORMS = "iphoneos iphonesimulator";
				SWIFT_VERSION = 5.0;
				TARGETED_DEVICE_FAMILY = 1;
			};
			name = Debug;
		};
		AA0000090000000000000012 /* Release */ = {
			isa = XCBuildConfiguration;
			buildSettings = {
				ASSETCATALOG_COMPILER_APPICON_NAME = AppIcon;
				CODE_SIGN_ENTITLEMENTS = BlueChat/BlueChat.entitlements;
				CODE_SIGN_IDENTITY = "iPhone Distribution";
				CODE_SIGN_STYLE = Manual;
				DEVELOPMENT_TEAM = U2Q8X6GTU9;
				GENERATE_INFOPLIST_FILE = NO;
				INFOPLIST_FILE = BlueChat/Info.plist;
				LD_RUNPATH_SEARCH_PATHS = (
					"$(inherited)",
					"@executable_path/Frameworks",
				);
				MARKETING_VERSION = 1.0;
				PRODUCT_BUNDLE_IDENTIFIER = land.bre.bluechat.ios;
				PRODUCT_NAME = BlueChat;
				PROVISIONING_PROFILE_SPECIFIER = "BlueChatAI App Store Main AppClip";
				SUPPORTED_PLATFORMS = "iphoneos iphonesimulator";
				SWIFT_VERSION = 5.0;
				TARGETED_DEVICE_FAMILY = 1;
			};
			name = Release;
		};
		AA0000090000000000000021 /* Debug */ = {
			isa = XCBuildConfiguration;
			buildSettings = {
				ASSETCATALOG_COMPILER_APPICON_NAME = AppIcon;
				CODE_SIGN_ENTITLEMENTS = BlueChatClip/BlueChatClip.entitlements;
				CODE_SIGN_STYLE = Automatic;
				DEVELOPMENT_TEAM = U2Q8X6GTU9;
				GENERATE_INFOPLIST_FILE = NO;
				INFOPLIST_FILE = BlueChatClip/Info.plist;
				LD_RUNPATH_SEARCH_PATHS = (
					"$(inherited)",
					"@executable_path/Frameworks",
				);
				MARKETING_VERSION = 1.0;
				PRODUCT_BUNDLE_IDENTIFIER = land.bre.bluechat.ios.Clip;
				PRODUCT_NAME = BlueChatClip;
				SUPPORTED_PLATFORMS = "iphoneos iphonesimulator";
				SWIFT_VERSION = 5.0;
				TARGETED_DEVICE_FAMILY = 1;
			};
			name = Debug;
		};
		AA0000090000000000000022 /* Release */ = {
			isa = XCBuildConfiguration;
			buildSettings = {
				ASSETCATALOG_COMPILER_APPICON_NAME = AppIcon;
				CODE_SIGN_ENTITLEMENTS = BlueChatClip/BlueChatClip.entitlements;
				CODE_SIGN_IDENTITY = "iPhone Distribution";
				CODE_SIGN_STYLE = Manual;
				DEVELOPMENT_TEAM = U2Q8X6GTU9;
				GENERATE_INFOPLIST_FILE = NO;
				INFOPLIST_FILE = BlueChatClip/Info.plist;
				LD_RUNPATH_SEARCH_PATHS = (
					"$(inherited)",
					"@executable_path/Frameworks",
				);
				MARKETING_VERSION = 1.0;
				PRODUCT_BUNDLE_IDENTIFIER = land.bre.bluechat.ios.Clip;
				PRODUCT_NAME = BlueChatClip;
				PROVISIONING_PROFILE_SPECIFIER = "BlueChatAI App Store Clip";
				SUPPORTED_PLATFORMS = "iphoneos iphonesimulator";
				SWIFT_VERSION = 5.0;
				TARGETED_DEVICE_FAMILY = 1;
			};
			name = Release;
		};
/* End XCBuildConfiguration section */

/* Begin XCConfigurationList section */
		AA00000800000000000000F1 /* Build configuration list for PBXProject "BlueChat" */ = {
			isa = XCConfigurationList;
			buildConfigurations = (
				AA0000090000000000000001 /* Debug */,
				AA0000090000000000000002 /* Release */,
			);
			defaultConfigurationIsVisible = 0;
			defaultConfigurationName = Release;
		};
		AA0000080000000000000001 /* Build configuration list for PBXNativeTarget "BlueChat" */ = {
			isa = XCConfigurationList;
			buildConfigurations = (
				AA0000090000000000000011 /* Debug */,
				AA0000090000000000000012 /* Release */,
			);
			defaultConfigurationIsVisible = 0;
			defaultConfigurationName = Release;
		};
		AA0000080000000000000011 /* Build configuration list for PBXNativeTarget "BlueChatClip" */ = {
			isa = XCConfigurationList;
			buildConfigurations = (
				AA0000090000000000000021 /* Debug */,
				AA0000090000000000000022 /* Release */,
			);
			defaultConfigurationIsVisible = 0;
			defaultConfigurationName = Release;
		};
/* End XCConfigurationList section */
	};
	rootObject = AA0000070000000000000001 /* Project object */;
}
